lockfileVersion: '9.0'

settings:
  autoInstallPeers: true
  excludeLinksFromLockfile: false

importers:

  .:
    devDependencies:
      block-no-verify:
        specifier: ^1.3.0
        version: 1.3.0

packages:

  '@polyhook/sdk@0.1.11':
    resolution: {integrity: sha512-Tb8NJ6oYxEwWAlsC0R/PFDIxMjYyXsZQOwSjoMD0eEPppyf1BtNfcZO1oSXxM2eQsEynlpOXr6cDku9B7KUSSQ==}
    engines: {node: '>=18'}

  block-no-verify@1.3.0:
    resolution: {integrity: sha512-pUEt/KwRe2Uu5abvSZwaA8J6FCcNqjy+IebPW6DAgag81NmqUnCxd63ueivAa8L3f1bYL0dMXJ9WgJ2uyg1ZvA==}
    engines: {node: '>=20.0.0'}
    hasBin: true

snapshots:

  '@polyhook/sdk@0.1.11': {}

  block-no-verify@1.3.0:
    dependencies:
      '@polyhook/sdk': 0.1.11
